schema: '2.0'
stages:
  data_ingestion:
    cmd: python src/cnnClassifier/pipeline/stage_01_data_ingestion.py
    deps:
    - path: config/config.yaml
      hash: md5
      md5: ebc817a5d87d03e2edaef7f526f2f27f
      size: 586
    - path: src/cnnClassifier/pipeline/stage_01_data_ingestion.py
      hash: md5
      md5: 7427496fc6f7be2a87efbb889b4e7d7f
      size: 908
    outs:
    - path: artifacts/data_ingestion/Chest-CT-Scan-data
      hash: md5
      md5: 904fa45d934ce879b3b1933dca6cb2f1.dir
      size: 49247431
      nfiles: 343
  prepare_base_model:
    cmd: python src/cnnClassifier/pipeline/stage_02_prepare_base_model.py
    deps:
    - path: config/config.yaml
      hash: md5
      md5: ebc817a5d87d03e2edaef7f526f2f27f
      size: 586
    - path: src/cnnClassifier/pipeline/stage_02_prepare_base_model.py
      hash: md5
      md5: 61b086248595220006cec5896caa8779
      size: 995
    params:
      params.yaml:
        CLASSES: 2
        IMAGE_SIZE:
        - 224
        - 224
        - 3
        INCLUDE_TOP: false
        LEARNING_RATE: 0.01
        WEIGHTS: imagenet
    outs:
    - path: artifacts/prepare_base_model
      hash: md5
      md5: c603108dd8d714fd788a72a18378bf76.dir
      size: 118054560
      nfiles: 2
  training:
    cmd: python src/cnnClassifier/pipeline/stage_03_model_trainer.py
    deps:
    - path: artifacts/data_ingestion/Chest-CT-Scan-data
      hash: md5
      md5: 904fa45d934ce879b3b1933dca6cb2f1.dir
      size: 49247431
      nfiles: 343
    - path: artifacts/prepare_base_model
      hash: md5
      md5: c603108dd8d714fd788a72a18378bf76.dir
      size: 118054560
      nfiles: 2
    - path: config/config.yaml
      hash: md5
      md5: ebc817a5d87d03e2edaef7f526f2f27f
      size: 586
    - path: src/cnnClassifier/pipeline/stage_03_model_trainer.py
      hash: md5
      md5: 5e33c7caa222257dbaff480c953e8b5d
      size: 928
    params:
      params.yaml:
        AUGMENTATION: true
        BATCH_SIZE: 16
        EPOCHS: 2
        IMAGE_SIZE:
        - 224
        - 224
        - 3
    outs:
    - path: artifacts/training/model.h5
      hash: md5
      md5: 5ccada30eae8335d29c38cb507db5a31
      size: 59337520
  evaluation:
    cmd: python src/cnnClassifier/pipeline/stage_04_evaluation.py
    deps:
    - path: artifacts/data_ingestion/Chest-CT-Scan-data
      hash: md5
      md5: 904fa45d934ce879b3b1933dca6cb2f1.dir
      size: 49247431
      nfiles: 343
    - path: artifacts/training/model.h5
      hash: md5
      md5: 5ccada30eae8335d29c38cb507db5a31
      size: 59337520
    - path: config/config.yaml
      hash: md5
      md5: ebc817a5d87d03e2edaef7f526f2f27f
      size: 586
    - path: src/cnnClassifier/pipeline/stage_04_evaluation.py
      hash: md5
      md5: cbbd13b18f9437e2bbb7ccad7ca385ca
      size: 923
    params:
      params.yaml:
        BATCH_SIZE: 16
        IMAGE_SIZE:
        - 224
        - 224
        - 3
    outs:
    - path: scores.json
      hash: md5
      md5: 390802cf2b38736f2dd268d6afd6f3cb
      size: 74
